<?xml version="1.0" encoding="utf-8"?>
<Project ToolsVersion="4.0" xmlns="http://schemas.microsoft.com/developer/msbuild/2003">
  <ItemGroup>
    <Filter Include="Source Files">
      <UniqueIdentifier>{4FC737F1-C7A5-4376-A066-2A32D752A2FF}</UniqueIdentifier>
      <Extensions>cpp;c;cc;cxx;def;odl;idl;hpj;bat;asm;asmx</Extensions>
    </Filter>
    <Filter Include="Header Files">
      <UniqueIdentifier>{93995380-89BD-4b04-88EB-625FBE52EBFB}</UniqueIdentifier>
      <Extensions>h;hh;hpp;hxx;hm;inl;inc;ipp;xsd</Extensions>
    </Filter>
    <Filter Include="Resource Files">
      <UniqueIdentifier>{67DA6AB6-F800-4c08-8B7A-83BB121AAD01}</UniqueIdentifier>
      <Extensions>rc;ico;cur;bmp;dlg;rc2;rct;bin;rgs;gif;jpg;jpeg;jpe;resx;tiff;tif;png;wav;mfcribbon-ms</Extensions>
    </Filter>
  </ItemGroup>
  <ItemGroup>
    <ClCompile Include="Principal.cpp">
      <Filter>Source Files</Filter>
    </ClCompile>
    <ClCompile Include="ArregloJugador.cpp">
      <Filter>Source Files</Filter>
    </ClCompile>
    <ClCompile Include="EmpresaDots.cpp">
      <Filter>Source Files</Filter>
    </ClCompile>
    <ClCompile Include="Controlador.cpp">
      <Filter>Source Files</Filter>
    </ClCompile>
    <ClCompile Include="Vista.cpp">
      <Filter>Source Files</Filter>
    </ClCompile>
    <ClCompile Include="Excepciones.cpp">
      <Filter>Source Files</Filter>
    </ClCompile>
    <ClCompile Include="ExcepcionRango.cpp">
      <Filter>Source Files</Filter>
    </ClCompile>
    <ClCompile Include="ExcepcionRangoInferior.cpp">
      <Filter>Source Files</Filter>
    </ClCompile>
    <ClCompile Include="ExcepcionRangoSuperior.cpp">
      <Filter>Source Files</Filter>
    </ClCompile>
    <ClCompile Include="LineaHorizontal.cpp">
      <Filter>Source Files</Filter>
    </ClCompile>
    <ClCompile Include="LineaVertical.cpp">
      <Filter>Source Files</Filter>
    </ClCompile>
    <ClCompile Include="Circulo.cpp">
      <Filter>Source Files</Filter>
    </ClCompile>
    <ClCompile Include="Numero.cpp">
      <Filter>Source Files</Filter>
    </ClCompile>
    <ClCompile Include="CampoAbs.cpp">
      <Filter>Source Files</Filter>
    </ClCompile>
    <ClCompile Include="SeisPuntos.cpp">
      <Filter>Source Files</Filter>
    </ClCompile>
    <ClCompile Include="Coordenada.cpp">
      <Filter>Source Files</Filter>
    </ClCompile>
    <ClCompile Include="ControlComposite.cpp">
      <Filter>Source Files</Filter>
    </ClCompile>
    <ClCompile Include="CampoJuego.cpp">
      <Filter>Source Files</Filter>
    </ClCompile>
    <ClCompile Include="NuevePuntos.cpp">
      <Filter>Source Files</Filter>
    </ClCompile>
    <ClCompile Include="QuincePuntos.cpp">
      <Filter>Source Files</Filter>
    </ClCompile>
    <ClCompile Include="CampodeApoyo.cpp">
      <Filter>Source Files</Filter>
    </ClCompile>
    <ClCompile Include="Jugada.cpp">
      <Filter>Source Files</Filter>
    </ClCompile>
    <ClCompile Include="Partida.cpp">
      <Filter>Source Files</Filter>
    </ClCompile>
    <ClCompile Include="ExcepcionAgregar.cpp">
      <Filter>Source Files</Filter>
    </ClCompile>
    <ClCompile Include="ExcepcionDiagonal.cpp">
      <Filter>Source Files</Filter>
    </ClCompile>
    <ClCompile Include="ExcepcionMayCoInex.cpp">
      <Filter>Source Files</Filter>
    </ClCompile>
    <ClCompile Include="ExcepcionContiguos.cpp">
      <Filter>Source Files</Filter>
    </ClCompile>
    <ClCompile Include="JugadorMaquina.cpp">
      <Filter>Source Files</Filter>
    </ClCompile>
    <ClCompile Include="JugadorPersona.cpp">
      <Filter>Source Files</Filter>
    </ClCompile>
    <ClCompile Include="Jugador.cpp">
      <Filter>Source Files</Filter>
    </ClCompile>
    <ClCompile Include="ExcepcionCoordIguales.cpp">
      <Filter>Source Files</Filter>
    </ClCompile>
    <ClCompile Include="ExcepcionLexistente.cpp">
      <Filter>Source Files</Filter>
    </ClCompile>
    <ClCompile Include="JuegoAleatorio.cpp">
      <Filter>Source Files</Filter>
    </ClCompile>
    <ClCompile Include="JuegoCercano.cpp">
      <Filter>Source Files</Filter>
    </ClCompile>
    <ClCompile Include="JuegoPeriferico.cpp">
      <Filter>Source Files</Filter>
    </ClCompile>
    <ClCompile Include="JuegoCentral.cpp">
      <Filter>Source Files</Filter>
    </ClCompile>
    <ClCompile Include="JuegoIslas.cpp">
      <Filter>Source Files</Filter>
    </ClCompile>
    <ClCompile Include="Estrategia.cpp">
      <Filter>Source Files</Filter>
    </ClCompile>
  </ItemGroup>
  <ItemGroup>
    <ClInclude Include="Jugador.h">
      <Filter>Header Files</Filter>
    </ClInclude>
    <ClInclude Include="ArregloJugador.h">
      <Filter>Header Files</Filter>
    </ClInclude>
    <ClInclude Include="EmpresaDots.h">
      <Filter>Header Files</Filter>
    </ClInclude>
    <ClInclude Include="Controlador.h">
      <Filter>Header Files</Filter>
    </ClInclude>
    <ClInclude Include="Vista.h">
      <Filter>Header Files</Filter>
    </ClInclude>
    <ClInclude Include="Excepciones.h">
      <Filter>Header Files</Filter>
    </ClInclude>
    <ClInclude Include="ExcepcionRango.h">
      <Filter>Header Files</Filter>
    </ClInclude>
    <ClInclude Include="ExcepcionRangoInferior.h">
      <Filter>Header Files</Filter>
    </ClInclude>
    <ClInclude Include="ExcepcionRangoSuperior.h">
      <Filter>Header Files</Filter>
    </ClInclude>
    <ClInclude Include="Componentes.h">
      <Filter>Header Files</Filter>
    </ClInclude>
    <ClInclude Include="Linea.h">
      <Filter>Header Files</Filter>
    </ClInclude>
    <ClInclude Include="LineaHorizontal.h">
      <Filter>Header Files</Filter>
    </ClInclude>
    <ClInclude Include="LineaVertical.h">
      <Filter>Header Files</Filter>
    </ClInclude>
    <ClInclude Include="Circulo.h">
      <Filter>Header Files</Filter>
    </ClInclude>
    <ClInclude Include="Numero.h">
      <Filter>Header Files</Filter>
    </ClInclude>
    <ClInclude Include="CampoAbs.h">
      <Filter>Header Files</Filter>
    </ClInclude>
    <ClInclude Include="SeisPuntos.h">
      <Filter>Header Files</Filter>
    </ClInclude>
    <ClInclude Include="Coordenada.h">
      <Filter>Header Files</Filter>
    </ClInclude>
    <ClInclude Include="ControlComposite.h">
      <Filter>Header Files</Filter>
    </ClInclude>
    <ClInclude Include="CampoJuego.h">
      <Filter>Header Files</Filter>
    </ClInclude>
    <ClInclude Include="NuevePuntos.h">
      <Filter>Header Files</Filter>
    </ClInclude>
    <ClInclude Include="QuincePuntos.h">
      <Filter>Header Files</Filter>
    </ClInclude>
    <ClInclude Include="CampodeApoyo.h">
      <Filter>Header Files</Filter>
    </ClInclude>
    <ClInclude Include="ListaGenerica.h">
      <Filter>Header Files</Filter>
    </ClInclude>
    <ClInclude Include="Jugada.h">
      <Filter>Header Files</Filter>
    </ClInclude>
    <ClInclude Include="Partida.h">
      <Filter>Header Files</Filter>
    </ClInclude>
    <ClInclude Include="ExcepcionAgregar.h">
      <Filter>Header Files</Filter>
    </ClInclude>
    <ClInclude Include="ExcepcionDiagonal.h">
      <Filter>Header Files</Filter>
    </ClInclude>
    <ClInclude Include="ExcepcionMayCoInex.h">
      <Filter>Header Files</Filter>
    </ClInclude>
    <ClInclude Include="ExcepcionContiguos.h">
      <Filter>Header Files</Filter>
    </ClInclude>
    <ClInclude Include="JugadorMaquina.h">
      <Filter>Header Files</Filter>
    </ClInclude>
    <ClInclude Include="JugadorPersona.h">
      <Filter>Header Files</Filter>
    </ClInclude>
    <ClInclude Include="ExcepcionCoordIguales.h">
      <Filter>Header Files</Filter>
    </ClInclude>
    <ClInclude Include="ExcepcionLexistente.h">
      <Filter>Header Files</Filter>
    </ClInclude>
    <ClInclude Include="Estrategia.h">
      <Filter>Header Files</Filter>
    </ClInclude>
    <ClInclude Include="JuegoAleatorio.h">
      <Filter>Header Files</Filter>
    </ClInclude>
    <ClInclude Include="JuegoCercano.h">
      <Filter>Header Files</Filter>
    </ClInclude>
    <ClInclude Include="JuegoPeriferico.h">
      <Filter>Header Files</Filter>
    </ClInclude>
    <ClInclude Include="JuegoCentral.h">
      <Filter>Header Files</Filter>
    </ClInclude>
    <ClInclude Include="JuegoIslas.h">
      <Filter>Header Files</Filter>
    </ClInclude>
  </ItemGroup>
</Project>